
Microsoft Visual Studio Solution File, Format Version 12.00
# Visual Studio Version 17
VisualStudioVersion = 17.13.35919.96 d17.13
MinimumVisualStudioVersion = 10.0.40219.1
Project("{FAE04EC0-301F-11D3-BF4B-00C04F79EFBC}") = "Parser", "Parser.csproj", "{F7EC217E-BF9A-46AD-AE3B-B6445C382187}"
EndProject
Global
	GlobalSection(SolutionConfigurationPlatforms) = preSolution
		Debug|Any CPU = Debug|Any CPU
		Release|Any CPU = Release|Any CPU
	EndGlobalSection
	GlobalSection(ProjectConfigurationPlatforms) = postSolution
		{F7EC217E-BF9A-46AD-AE3B-B6445C382187}.Debug|Any CPU.ActiveCfg = Debug|Any CPU
		{F7EC217E-BF9A-46AD-AE3B-B6445C382187}.Debug|Any CPU.Build.0 = Debug|Any CPU
		{F7EC217E-BF9A-46AD-AE3B-B6445C382187}.Release|Any CPU.ActiveCfg = Release|Any CPU
		{F7EC217E-BF9A-46AD-AE3B-B6445C382187}.Release|Any CPU.Build.0 = Release|Any CPU
	EndGlobalSection
	GlobalSection(SolutionProperties) = preSolution
		HideSolutionNode = FALSE
	EndGlobalSection
	GlobalSection(ExtensibilityGlobals) = postSolution
		SolutionGuid = {4B4CB97F-0B52-46C5-A84E-BE925D36C0AD}
	EndGlobalSection
EndGlobal
